<?xml version="1.0" encoding="utf-8"?>
<Project ToolsVersion="4.0" xmlns="http://schemas.microsoft.com/developer/msbuild/2003">
  <ItemGroup>
    <Filter Include="Win32">
      <UniqueIdentifier>{18f04a9f-41c6-4e49-b7a2-4bdf6da2bab3}</UniqueIdentifier>
    </Filter>
    <Filter Include="Common">
      <UniqueIdentifier>{5f32ca15-10fc-422c-ae0a-ad1e6265d97f}</UniqueIdentifier>
    </Filter>
  </ItemGroup>
  <ItemGroup>
    <ClCompile Include="Source\Win32\esUtil_TGA.c">
      <Filter>Win32</Filter>
    </ClCompile>
    <ClCompile Include="Source\Win32\esUtil_win32.c">
      <Filter>Win32</Filter>
    </ClCompile>
    <ClCompile Include="Source\esShader.c">
      <Filter>Common</Filter>
    </ClCompile>
    <ClCompile Include="Source\esShapes.c">
      <Filter>Common</Filter>
    </ClCompile>
    <ClCompile Include="Source\esTransform.c">
      <Filter>Common</Filter>
    </ClCompile>
    <ClCompile Include="Source\esUtil.c">
      <Filter>Common</Filter>
    </ClCompile>
  </ItemGroup>
  <ItemGroup>
    <ClInclude Include="Include\esUtil_win.h">
      <Filter>Win32</Filter>
    </ClInclude>
    <ClInclude Include="Include\esUtil.h">
      <Filter>Common</Filter>
    </ClInclude>
  </ItemGroup>
</Project>